{
  "name": "eslint-config-acuminous-shared",
  "version": "1.0.0",
  "lockfileVersion": 2,
  "requires": true,
  "packages": {
    "": {
      "name": "eslint-config-acuminous-shared",
      "version": "1.0.0",
      "license": "ISC",
      "dependencies": {
        "eslint-plugin-tech-radar": "file:../.."
      },
      "engines": {
        "node": ">=18.8.0"
      }
    },
    "../..": {
      "version": "1.0.0",
      "license": "ISC",
      "dependencies": {
        "esprima": "~4.0.0",
        "oubliette": "^1.0.4",
        "papaparse": "^5.4.1",
        "semver": "^7.6.2"
      },
      "bin": {
        "export": "bin/export-tech-radar.js"
      },
      "devDependencies": {
        "@types/eslint": "^8.56.10",
        "eslint": "^8.57.0",
        "eslint-config-airbnb-base": "^15.0.0",
        "husky": "^9.0.11",
        "jest": "~29.3.0",
        "lint-staged": "^15.2.2"
      }
    },
    "node_modules/eslint-plugin-tech-radar": {
      "resolved": "../..",
      "link": true
    }
  },
  "dependencies": {
    "eslint-plugin-tech-radar": {
      "version": "file:../..",
      "requires": {
        "@types/eslint": "^8.56.10",
        "eslint": "^8.57.0",
        "eslint-config-airbnb-base": "^15.0.0",
        "esprima": "~4.0.0",
        "husky": "^9.0.11",
        "jest": "~29.3.0",
        "lint-staged": "^15.2.2",
        "oubliette": "^1.0.4",
        "papaparse": "^5.4.1",
        "semver": "^7.6.2"
      }
    }
  }
}
