{
  "name": "eslint-config-acuminous-shared",
  "version": "1.0.0",
  "lockfileVersion": 2,
  "requires": true,
  "packages": {
    "": {
      "name": "eslint-config-acuminous-shared",
      "version": "1.0.0",
      "license": "ISC",
      "dependencies": {
        "eslint-plugin-tech-radar": "file:../.."
      }
    },
    "../..": {
      "version": "1.0.0",
      "license": "ISC",
      "dependencies": {
        "esprima": "~4.0.0",
        "oubliette": "^1.0.4",
        "semver": "^7.6.2"
      },
      "devDependencies": {
        "eslint": "^8.28.0",
        "jest": "~29.3.0"
      }
    },
    "node_modules/eslint-plugin-tech-radar": {
      "resolved": "../..",
      "link": true
    }
  },
  "dependencies": {
    "eslint-plugin-tech-radar": {
      "version": "file:../..",
      "requires": {
        "eslint": "^8.28.0",
        "esprima": "~4.0.0",
        "jest": "~29.3.0",
        "oubliette": "^1.0.4",
        "semver": "^7.6.2"
      }
    }
  }
}
